
Microsoft Visual Studio Solution File, Format Version 12.00
Project("{FAE04EC0-301F-11D3-BF4B-00C04F79EFBC}") = "Core", "Core\Core.csproj", "{397D095D-1CC4-43ED-9622-E77B16917AD5}"
EndProject
Project("{FAE04EC0-301F-11D3-BF4B-00C04F79EFBC}") = "TestCoreArchitecture", "TestCoreArchitecture\TestCoreArchitecture.csproj", "{3CA6C558-CD8D-4B8B-AF28-A440C17774CA}"
EndProject
Global
	GlobalSection(SolutionConfigurationPlatforms) = preSolution
		Debug|Any CPU = Debug|Any CPU
		Release|Any CPU = Release|Any CPU
	EndGlobalSection
	GlobalSection(ProjectConfigurationPlatforms) = postSolution
		{397D095D-1CC4-43ED-9622-E77B16917AD5}.Debug|Any CPU.ActiveCfg = Debug|Any CPU
		{397D095D-1CC4-43ED-9622-E77B16917AD5}.Debug|Any CPU.Build.0 = Debug|Any CPU
		{397D095D-1CC4-43ED-9622-E77B16917AD5}.Release|Any CPU.ActiveCfg = Release|Any CPU
		{397D095D-1CC4-43ED-9622-E77B16917AD5}.Release|Any CPU.Build.0 = Release|Any CPU
		{3CA6C558-CD8D-4B8B-AF28-A440C17774CA}.Debug|Any CPU.ActiveCfg = Debug|Any CPU
		{3CA6C558-CD8D-4B8B-AF28-A440C17774CA}.Debug|Any CPU.Build.0 = Debug|Any CPU
		{3CA6C558-CD8D-4B8B-AF28-A440C17774CA}.Release|Any CPU.ActiveCfg = Release|Any CPU
		{3CA6C558-CD8D-4B8B-AF28-A440C17774CA}.Release|Any CPU.Build.0 = Release|Any CPU
	EndGlobalSection
EndGlobal
